
Microsoft Visual Studio Solution File, Format Version 12.00
# Visual Studio Version 17
VisualStudioVersion = 17.0.31903.59
MinimumVisualStudioVersion = 10.0.40219.1
Project("{2150E333-8FDC-42A3-9474-1A3956D46DE8}") = "src", "src", "{EB6FB8C9-9AEE-4649-B54A-9799D0FAC95F}"
EndProject
Project("{9A19103F-16F7-4668-BE54-9A1E7A4F7556}") = "Domain", "src\Domain\Domain.csproj", "{7D6F4A6E-81F3-4CA0-A9B0-1996C6525D05}"
EndProject
Project("{FAE04EC0-301F-11D3-BF4B-00C04F79EFBC}") = "Application", "src\Application\Application.csproj", "{484786EE-C626-400D-B5B3-C766C0FBFB04}"
EndProject
Global
	GlobalSection(SolutionConfigurationPlatforms) = preSolution
		Debug|Any CPU = Debug|Any CPU
		Release|Any CPU = Release|Any CPU
	EndGlobalSection
	GlobalSection(ProjectConfigurationPlatforms) = postSolution
		{7D6F4A6E-81F3-4CA0-A9B0-1996C6525D05}.Debug|Any CPU.ActiveCfg = Debug|Any CPU
		{7D6F4A6E-81F3-4CA0-A9B0-1996C6525D05}.Debug|Any CPU.Build.0 = Debug|Any CPU
		{7D6F4A6E-81F3-4CA0-A9B0-1996C6525D05}.Release|Any CPU.ActiveCfg = Release|Any CPU
		{7D6F4A6E-81F3-4CA0-A9B0-1996C6525D05}.Release|Any CPU.Build.0 = Release|Any CPU
		{484786EE-C626-400D-B5B3-C766C0FBFB04}.Debug|Any CPU.ActiveCfg = Debug|Any CPU
		{484786EE-C626-400D-B5B3-C766C0FBFB04}.Debug|Any CPU.Build.0 = Debug|Any CPU
		{484786EE-C626-400D-B5B3-C766C0FBFB04}.Release|Any CPU.ActiveCfg = Release|Any CPU
		{484786EE-C626-400D-B5B3-C766C0FBFB04}.Release|Any CPU.Build.0 = Release|Any CPU
	EndGlobalSection
	GlobalSection(SolutionProperties) = preSolution
		HideSolutionNode = FALSE
	EndGlobalSection
	GlobalSection(NestedProjects) = preSolution
		{7D6F4A6E-81F3-4CA0-A9B0-1996C6525D05} = {EB6FB8C9-9AEE-4649-B54A-9799D0FAC95F}
		{484786EE-C626-400D-B5B3-C766C0FBFB04} = {EB6FB8C9-9AEE-4649-B54A-9799D0FAC95F}
	EndGlobalSection
	GlobalSection(ExtensibilityGlobals) = postSolution
		SolutionGuid = {B147ECC7-7B9B-4291-8C08-823BB5F6AF87}
	EndGlobalSection
EndGlobal
